version: 1
status: ACTIVE
user_confirmed_at: "2026-08-31"
visual_thesis: "A controlled dark-tech system makes the contract inspectable."
audience_promise: "Clear, trustworthy evidence of a coherent theme path."
style_input: "dark-tech"
seed: 17
intended_tokens:
  palette: "from resolved theme"
  typography: "from resolved theme"
  decoration: "from resolved theme"
  layout: "from resolved theme"
visual_grammar: {}
deck_rhythm: {}
forbidden_patterns: []
resolved_theme_path: "resolved-theme-v1.json"
resolved_theme_fingerprint: "8079f7d42e4291dab9df6a02283ca37df517564a7827bb00c0650ad1ae10f3ca"
